lockfileVersion: '9.0'

settings:
  autoInstallPeers: true
  excludeLinksFromLockfile: false

importers:

  .:
    dependencies:
      datastar:
        specifier: github:starfederation/datastar#v1.0.2
        version: https://codeload.github.com/starfederation/datastar/tar.gz/5cce9fcdda43cb443b4e5e596b67cef903619831
      echarts:
        specifier: ^6.1.0
        version: 6.1.0
      nouislider:
        specifier: ^15.8.1
        version: 15.8.1
    devDependencies:
      '@biomejs/biome':
        specifier: ^2.5.2
        version: 2.5.2

packages:

  '@biomejs/biome@2.5.2':
    resolution: {integrity: sha512-VQ3RCqr7JmDIX+w6stWYl+g/3bYofN3q2wDBHUKKc/c7i5QWrFKFBZYCYPWTE6agsUPMIZZe6/CMmVUfUAhkKA==}
    engines: {node: '>=14.21.3'}
    hasBin: true

  '@biomejs/cli-darwin-arm64@2.5.2':
    resolution: {integrity: sha512-e7P3P7EkwFc/KiX2AHw4YDLIBOMfG9CPCAwy52k5Bp0dfhkozx9hf6wCmIr2QeXy2XeccJ3V/Sg+hDmzYEqxSg==}
    engines: {node: '>=14.21.3'}
    cpu: [arm64]
    os: [darwin]

  '@biomejs/cli-darwin-x64@2.5.2':
    resolution: {integrity: sha512-ymzMvjC1Jg0b9K0D26ZdARqFQXs7MocfLC5FOCGfkC0Ss+ACUJkX5364ZM5nT4NLZanHRZNVrZEy+Ibwcvux/g==}
    engines: {node: '>=14.21.3'}
    cpu: [x64]
    os: [darwin]

  '@biomejs/cli-linux-arm64-musl@2.5.2':
    resolution: {integrity: sha512-w+ANG0ZvTu9IeEg9QnstoOnk6L0fpwJifW6aHR18+cb5Z39bkANItYjAfMrnvce5tmMK+IQ6nPX7/kQFdam5iw==}
    engines: {node: '>=14.21.3'}
    cpu: [arm64]
    os: [linux]

  '@biomejs/cli-linux-arm64@2.5.2':
    resolution: {integrity: sha512-t7sseOmqND57uUWTwlawU6BYj+J06T/9EkydzBhkrgw/FK3QVhjU2wsJR0frljrKZ0/I8A/rYw7284QgqjQfIQ==}
    engines: {node: '>=14.21.3'}
    cpu: [arm64]
    os: [linux]

  '@biomejs/cli-linux-x64-musl@2.5.2':
    resolution: {integrity: sha512-VArNLAzND063tF+XY0yPyM+DyahpzOMzOAvb7qs259nhjJWRjvjZdssuA+Rfl+l07+NOesKZ0Xu2yFrXyBMtzw==}
    engines: {node: '>=14.21.3'}
    cpu: [x64]
    os: [linux]

  '@biomejs/cli-linux-x64@2.5.2':
    resolution: {integrity: sha512-M/lOZrewzTCRDINbjhQ1gYYru37KlD3kJBQwwKCG0ckz5E9IZwIoJ3X0wBwRXA+yBDIwWUuPBHS67HzJY4dTfA==}
    engines: {node: '>=14.21.3'}
    cpu: [x64]
    os: [linux]

  '@biomejs/cli-win32-arm64@2.5.2':
    resolution: {integrity: sha512-kbjFFKyZlzYnAuw7sRy5qDoFG6zrP40UK08oPQsWK0ct3NMnGSt+Bs1iviEEyEIP57N5MrykGXdO/wRiaR4lww==}
    engines: {node: '>=14.21.3'}
    cpu: [arm64]
    os: [win32]

  '@biomejs/cli-win32-x64@2.5.2':
    resolution: {integrity: sha512-4InchVpdVmdkkkgjQqKpgvyu+VPnoF/7RPSw5YATgEVpt2j72wcCAeV5TwaE9ZGJUZWZn7v2CwSAj6CrMJEx8A==}
    engines: {node: '>=14.21.3'}
    cpu: [x64]
    os: [win32]

  datastar@https://codeload.github.com/starfederation/datastar/tar.gz/5cce9fcdda43cb443b4e5e596b67cef903619831:
    resolution: {tarball: https://codeload.github.com/starfederation/datastar/tar.gz/5cce9fcdda43cb443b4e5e596b67cef903619831}
    version: 0.0.0

  echarts@6.1.0:
    resolution: {integrity: sha512-q0yaFPggC9FUdsWH4blavRWFmxdrIodbkoKNAjJudAI6CA9gNPxHtV2RcZNEepZVlk4yvBYkOkbk6HIVpIyHZA==}

  nouislider@15.8.1:
    resolution: {integrity: sha512-93TweAi8kqntHJSPiSWQ1o/uZ29VWOmal9YKb6KKGGlCkugaNfAupT7o1qTHqdJvNQ7S0su5rO6qRFCjP8fxtw==}

  tslib@2.3.0:
    resolution: {integrity: sha512-N82ooyxVNm6h1riLCoyS9e3fuJ3AMG2zIZs2Gd1ATcSFjSA23Q0fzjjZeh0jbJvWVDZ0cJT8yaNNaaXHzueNjg==}

  zrender@6.1.0:
    resolution: {integrity: sha512-oEGMDB6pOP2S6OwRR4PdVv610zrjnA3Bh+JnSG12fYJlBKjtNAoEb5fSUoCOOINlH96I2fU38/A2UpRKs67xYQ==}

snapshots:

  '@biomejs/biome@2.5.2':
    optionalDependencies:
      '@biomejs/cli-darwin-arm64': 2.5.2
      '@biomejs/cli-darwin-x64': 2.5.2
      '@biomejs/cli-linux-arm64': 2.5.2
      '@biomejs/cli-linux-arm64-musl': 2.5.2
      '@biomejs/cli-linux-x64': 2.5.2
      '@biomejs/cli-linux-x64-musl': 2.5.2
      '@biomejs/cli-win32-arm64': 2.5.2
      '@biomejs/cli-win32-x64': 2.5.2

  '@biomejs/cli-darwin-arm64@2.5.2':
    optional: true

  '@biomejs/cli-darwin-x64@2.5.2':
    optional: true

  '@biomejs/cli-linux-arm64-musl@2.5.2':
    optional: true

  '@biomejs/cli-linux-arm64@2.5.2':
    optional: true

  '@biomejs/cli-linux-x64-musl@2.5.2':
    optional: true

  '@biomejs/cli-linux-x64@2.5.2':
    optional: true

  '@biomejs/cli-win32-arm64@2.5.2':
    optional: true

  '@biomejs/cli-win32-x64@2.5.2':
    optional: true

  datastar@https://codeload.github.com/starfederation/datastar/tar.gz/5cce9fcdda43cb443b4e5e596b67cef903619831: {}

  echarts@6.1.0:
    dependencies:
      tslib: 2.3.0
      zrender: 6.1.0

  nouislider@15.8.1: {}

  tslib@2.3.0: {}

  zrender@6.1.0:
    dependencies:
      tslib: 2.3.0
